// !$*UTF8*$!
{
	archiveVersion = 1;
	classes = {
	};
	objectVersion = 46;
	objects = {

/* Begin PBXBuildFile section */
		B9029924198E06C3003B250E /* Foundation.framework in Frameworks */ = {isa = PBXBuildFile; fileRef = B9029923198E06C3003B250E /* Foundation.framework */; };
		B9029929198E06C3003B250E /* BALibrary.h in CopyFiles */ = {isa = PBXBuildFile; fileRef = B9029928198E06C3003B250E /* BALibrary.h */; };
		B902992B198E06C3003B250E /* BALibrary.m in Sources */ = {isa = PBXBuildFile; fileRef = B902992A198E06C3003B250E /* BALibrary.m */; };
		B9029932198E06C3003B250E /* XCTest.framework in Frameworks */ = {isa = PBXBuildFile; fileRef = B9029931198E06C3003B250E /* XCTest.framework */; };
		B9029933198E06C3003B250E /* Foundation.framework in Frameworks */ = {isa = PBXBuildFile; fileRef = B9029923198E06C3003B250E /* Foundation.framework */; };
		B9029935198E06C3003B250E /* UIKit.framework in Frameworks */ = {isa = PBXBuildFile; fileRef = B9029934198E06C3003B250E /* UIKit.framework */; };
		B9029938198E06C3003B250E /* libBALibrary.a in Frameworks */ = {isa = PBXBuildFile; fileRef = B9029920198E06C3003B250E /* libBALibrary.a */; };
		B902993E198E06C3003B250E /* InfoPlist.strings in Resources */ = {isa = PBXBuildFile; fileRef = B902993C198E06C3003B250E /* InfoPlist.strings */; };
		B9029940198E06C3003B250E /* BALibraryTests.m in Sources */ = {isa = PBXBuildFile; fileRef = B902993F198E06C3003B250E /* BALibraryTests.m */; };
		B902995B198E0702003B250E /* BAInputAlert.m in Sources */ = {isa = PBXBuildFile; fileRef = B902994C198E0702003B250E /* BAInputAlert.m */; };
		B902995C198E0702003B250E /* CLLocation+BAExtension.m in Sources */ = {isa = PBXBuildFile; fileRef = B902994E198E0702003B250E /* CLLocation+BAExtension.m */; };
		B902995D198E0702003B250E /* MKMapView+BAExtension.m in Sources */ = {isa = PBXBuildFile; fileRef = B9029950198E0702003B250E /* MKMapView+BAExtension.m */; };
		B902995E198E0702003B250E /* NSData+BAExtension.m in Sources */ = {isa = PBXBuildFile; fileRef = B9029952198E0702003B250E /* NSData+BAExtension.m */; };
		B902995F198E0702003B250E /* NSString+BAExtension.m in Sources */ = {isa = PBXBuildFile; fileRef = B9029954198E0702003B250E /* NSString+BAExtension.m */; };
		B9029961198E0702003B250E /* UIButton+BAExtension.m in Sources */ = {isa = PBXBuildFile; fileRef = B9029958198E0702003B250E /* UIButton+BAExtension.m */; };
		B9029962198E0702003B250E /* UIImage+BAExtension.m in Sources */ = {isa = PBXBuildFile; fileRef = B902995A198E0702003B250E /* UIImage+BAExtension.m */; };
		B9029969198E0A54003B250E /* Distance+BAConversion.m in Sources */ = {isa = PBXBuildFile; fileRef = B9029968198E0A54003B250E /* Distance+BAConversion.m */; };
		B9029971198E0FE2003B250E /* BAConversions.h in CopyFiles */ = {isa = PBXBuildFile; fileRef = B902996A198E0A89003B250E /* BAConversions.h */; };
		B9029972198E0FE2003B250E /* Distance+BAConversion.h in CopyFiles */ = {isa = PBXBuildFile; fileRef = B9029967198E0A54003B250E /* Distance+BAConversion.h */; };
		B9029973198E0FE2003B250E /* BAExtensions.h in CopyFiles */ = {isa = PBXBuildFile; fileRef = B902994A198E0702003B250E /* BAExtensions.h */; };
		B9029974198E0FE2003B250E /* BAInputAlert.h in CopyFiles */ = {isa = PBXBuildFile; fileRef = B902994B198E0702003B250E /* BAInputAlert.h */; };
		B9029975198E0FE2003B250E /* CLLocation+BAExtension.h in CopyFiles */ = {isa = PBXBuildFile; fileRef = B902994D198E0702003B250E /* CLLocation+BAExtension.h */; };
		B9029976198E0FE2003B250E /* MKMapView+BAExtension.h in CopyFiles */ = {isa = PBXBuildFile; fileRef = B902994F198E0702003B250E /* MKMapView+BAExtension.h */; };
		B9029977198E0FE2003B250E /* NSData+BAExtension.h in CopyFiles */ = {isa = PBXBuildFile; fileRef = B9029951198E0702003B250E /* NSData+BAExtension.h */; };
		B9029978198E0FE2003B250E /* NSString+BAExtension.h in CopyFiles */ = {isa = PBXBuildFile; fileRef = B9029953198E0702003B250E /* NSString+BAExtension.h */; };
		B9029979198E0FE2003B250E /* UIButton+BAExtension.h in CopyFiles */ = {isa = PBXBuildFile; fileRef = B9029957198E0702003B250E /* UIButton+BAExtension.h */; };
		B902997A198E0FE2003B250E /* UIImage+BAExtension.h in CopyFiles */ = {isa = PBXBuildFile; fileRef = B9029959198E0702003B250E /* UIImage+BAExtension.h */; };
		B902997B198E0FE2003B250E /* BAMacros.h in CopyFiles */ = {isa = PBXBuildFile; fileRef = B902996C198E0B5B003B250E /* BAMacros.h */; };
		B902997C198E0FE2003B250E /* BAAlias.h in CopyFiles */ = {isa = PBXBuildFile; fileRef = B902996D198E0B75003B250E /* BAAlias.h */; };
		B902997D198E0FE2003B250E /* BASingleton.h in CopyFiles */ = {isa = PBXBuildFile; fileRef = B902996E198E0BA4003B250E /* BASingleton.h */; };
		B902997E198E0FE2003B250E /* BANotifications.h in CopyFiles */ = {isa = PBXBuildFile; fileRef = B902996F198E0C03003B250E /* BANotifications.h */; };
		B902997F198E0FE2003B250E /* BADefaults.h in CopyFiles */ = {isa = PBXBuildFile; fileRef = B9029970198E0DC3003B250E /* BADefaults.h */; };
		B9661FC919973462000FF5F7 /* BASearchBar.m in Sources */ = {isa = PBXBuildFile; fileRef = B9661FC819973462000FF5F7 /* BASearchBar.m */; };
		B9661FCF199734AA000FF5F7 /* Foundation.framework in Frameworks */ = {isa = PBXBuildFile; fileRef = B9029923198E06C3003B250E /* Foundation.framework */; };
		B9661FD1199734AA000FF5F7 /* CoreGraphics.framework in Frameworks */ = {isa = PBXBuildFile; fileRef = B9661FD0199734AA000FF5F7 /* CoreGraphics.framework */; };
		B9661FD2199734AA000FF5F7 /* UIKit.framework in Frameworks */ = {isa = PBXBuildFile; fileRef = B9029934198E06C3003B250E /* UIKit.framework */; };
		B9661FD8199734AA000FF5F7 /* InfoPlist.strings in Resources */ = {isa = PBXBuildFile; fileRef = B9661FD6199734AA000FF5F7 /* InfoPlist.strings */; };
		B9661FDA199734AA000FF5F7 /* main.m in Sources */ = {isa = PBXBuildFile; fileRef = B9661FD9199734AA000FF5F7 /* main.m */; };
		B9661FDE199734AA000FF5F7 /* AppDelegate.m in Sources */ = {isa = PBXBuildFile; fileRef = B9661FDD199734AA000FF5F7 /* AppDelegate.m */; };
		B9661FE1199734AA000FF5F7 /* Main.storyboard in Resources */ = {isa = PBXBuildFile; fileRef = B9661FDF199734AA000FF5F7 /* Main.storyboard */; };
		B9661FE4199734AA000FF5F7 /* ViewController.m in Sources */ = {isa = PBXBuildFile; fileRef = B9661FE3199734AA000FF5F7 /* ViewController.m */; };
		B9661FE6199734AA000FF5F7 /* Images.xcassets in Resources */ = {isa = PBXBuildFile; fileRef = B9661FE5199734AA000FF5F7 /* Images.xcassets */; };
		B9661FFF1997350D000FF5F7 /* BASearchBar.m in Sources */ = {isa = PBXBuildFile; fileRef = B9661FC819973462000FF5F7 /* BASearchBar.m */; };
		B9662002199739F3000FF5F7 /* UISearchBar+BAExtension.m in Sources */ = {isa = PBXBuildFile; fileRef = B9662001199739F3000FF5F7 /* UISearchBar+BAExtension.m */; };
		B966200319973A5D000FF5F7 /* NSOperationQueue+BAExtension.m in Sources */ = {isa = PBXBuildFile; fileRef = B9D12C8D19908D6E00576BAF /* NSOperationQueue+BAExtension.m */; };
		B966200419973A5D000FF5F7 /* BAInputAlert.m in Sources */ = {isa = PBXBuildFile; fileRef = B902994C198E0702003B250E /* BAInputAlert.m */; };
		B966200519973A5D000FF5F7 /* CLLocation+BAExtension.m in Sources */ = {isa = PBXBuildFile; fileRef = B902994E198E0702003B250E /* CLLocation+BAExtension.m */; };
		B966200619973A5D000FF5F7 /* MKMapView+BAExtension.m in Sources */ = {isa = PBXBuildFile; fileRef = B9029950198E0702003B250E /* MKMapView+BAExtension.m */; };
		B966200719973A5D000FF5F7 /* NSData+BAExtension.m in Sources */ = {isa = PBXBuildFile; fileRef = B9029952198E0702003B250E /* NSData+BAExtension.m */; };
		B966200819973A5D000FF5F7 /* NSString+BAExtension.m in Sources */ = {isa = PBXBuildFile; fileRef = B9029954198E0702003B250E /* NSString+BAExtension.m */; };
		B966200919973A5D000FF5F7 /* UIButton+BAExtension.m in Sources */ = {isa = PBXBuildFile; fileRef = B9029958198E0702003B250E /* UIButton+BAExtension.m */; };
		B966200A19973A5D000FF5F7 /* UIImage+BAExtension.m in Sources */ = {isa = PBXBuildFile; fileRef = B902995A198E0702003B250E /* UIImage+BAExtension.m */; };
		B966200B19973A5D000FF5F7 /* UISearchBar+BAExtension.m in Sources */ = {isa = PBXBuildFile; fileRef = B9662001199739F3000FF5F7 /* UISearchBar+BAExtension.m */; };
		B966200C19973A65000FF5F7 /* Distance+BAConversion.m in Sources */ = {isa = PBXBuildFile; fileRef = B9029968198E0A54003B250E /* Distance+BAConversion.m */; };
		B966200D19973A68000FF5F7 /* BALibrary.m in Sources */ = {isa = PBXBuildFile; fileRef = B902992A198E06C3003B250E /* BALibrary.m */; };
		B966201019974495000FF5F7 /* UIView+BAExtension.m in Sources */ = {isa = PBXBuildFile; fileRef = B966200F19974495000FF5F7 /* UIView+BAExtension.m */; };
		B966201119974495000FF5F7 /* UIView+BAExtension.m in Sources */ = {isa = PBXBuildFile; fileRef = B966200F19974495000FF5F7 /* UIView+BAExtension.m */; };
		B9773F181998A57900B4D8C7 /* MKMapItem+BAExtension.m in Sources */ = {isa = PBXBuildFile; fileRef = B9773F171998A57900B4D8C7 /* MKMapItem+BAExtension.m */; };
		B9773F191998A57900B4D8C7 /* MKMapItem+BAExtension.m in Sources */ = {isa = PBXBuildFile; fileRef = B9773F171998A57900B4D8C7 /* MKMapItem+BAExtension.m */; };
		B978BFEB19A93D7C00B1E363 /* UIAlertView+BAExtension.m in Sources */ = {isa = PBXBuildFile; fileRef = B978BFEA19A93D7C00B1E363 /* UIAlertView+BAExtension.m */; };
		B978BFEC19A93D7C00B1E363 /* UIAlertView+BAExtension.m in Sources */ = {isa = PBXBuildFile; fileRef = B978BFEA19A93D7C00B1E363 /* UIAlertView+BAExtension.m */; };
		B9C30576199FCC6600DAE37C /* BALocationManager.m in Sources */ = {isa = PBXBuildFile; fileRef = B9C30575199FCC6600DAE37C /* BALocationManager.m */; };
		B9C30577199FCC6600DAE37C /* BALocationManager.m in Sources */ = {isa = PBXBuildFile; fileRef = B9C30575199FCC6600DAE37C /* BALocationManager.m */; };
		B9C30590199FE77600DAE37C /* BADropdown.m in Sources */ = {isa = PBXBuildFile; fileRef = B9C3058F199FE77600DAE37C /* BADropdown.m */; };
		B9C30591199FE77600DAE37C /* BADropdown.m in Sources */ = {isa = PBXBuildFile; fileRef = B9C3058F199FE77600DAE37C /* BADropdown.m */; };
		B9D12C8E19908D6E00576BAF /* NSOperationQueue+BAExtension.m in Sources */ = {isa = PBXBuildFile; fileRef = B9D12C8D19908D6E00576BAF /* NSOperationQueue+BAExtension.m */; };
/* End PBXBuildFile section */

/* Begin PBXContainerItemProxy section */
		B9029936198E06C3003B250E /* PBXContainerItemProxy */ = {
			isa = PBXContainerItemProxy;
			containerPortal = B9029918198E06C3003B250E /* Project object */;
			proxyType = 1;
			remoteGlobalIDString = B902991F198E06C3003B250E;
			remoteInfo = BALibrary;
		};
/* End PBXContainerItemProxy section */

/* Begin PBXCopyFilesBuildPhase section */
		B902991E198E06C3003B250E /* CopyFiles */ = {
			isa = PBXCopyFilesBuildPhase;
			buildActionMask = 12;
			dstPath = "include/$(PRODUCT_NAME)";
			dstSubfolderSpec = 16;
			files = (
				B9029971198E0FE2003B250E /* BAConversions.h in CopyFiles */,
				B9029972198E0FE2003B250E /* Distance+BAConversion.h in CopyFiles */,
				B9029973198E0FE2003B250E /* BAExtensions.h in CopyFiles */,
				B9029974198E0FE2003B250E /* BAInputAlert.h in CopyFiles */,
				B9029975198E0FE2003B250E /* CLLocation+BAExtension.h in CopyFiles */,
				B9029976198E0FE2003B250E /* MKMapView+BAExtension.h in CopyFiles */,
				B9029977198E0FE2003B250E /* NSData+BAExtension.h in CopyFiles */,
				B9029978198E0FE2003B250E /* NSString+BAExtension.h in CopyFiles */,
				B9029979198E0FE2003B250E /* UIButton+BAExtension.h in CopyFiles */,
				B902997A198E0FE2003B250E /* UIImage+BAExtension.h in CopyFiles */,
				B902997B198E0FE2003B250E /* BAMacros.h in CopyFiles */,
				B902997C198E0FE2003B250E /* BAAlias.h in CopyFiles */,
				B902997D198E0FE2003B250E /* BASingleton.h in CopyFiles */,
				B902997E198E0FE2003B250E /* BANotifications.h in CopyFiles */,
				B902997F198E0FE2003B250E /* BADefaults.h in CopyFiles */,
				B9029929198E06C3003B250E /* BALibrary.h in CopyFiles */,
			);
			runOnlyForDeploymentPostprocessing = 0;
		};
/* End PBXCopyFilesBuildPhase section */

/* Begin PBXFileReference section */
		B9029920198E06C3003B250E /* libBALibrary.a */ = {isa = PBXFileReference; explicitFileType = archive.ar; includeInIndex = 0; path = libBALibrary.a; sourceTree = BUILT_PRODUCTS_DIR; };
		B9029923198E06C3003B250E /* Foundation.framework */ = {isa = PBXFileReference; lastKnownFileType = wrapper.framework; name = Foundation.framework; path = System/Library/Frameworks/Foundation.framework; sourceTree = SDKROOT; };
		B9029927198E06C3003B250E /* BALibrary-Prefix.pch */ = {isa = PBXFileReference; lastKnownFileType = sourcecode.c.h; path = "BALibrary-Prefix.pch"; sourceTree = "<group>"; };
		B9029928198E06C3003B250E /* BALibrary.h */ = {isa = PBXFileReference; lastKnownFileType = sourcecode.c.h; path = BALibrary.h; sourceTree = "<group>"; };
		B902992A198E06C3003B250E /* BALibrary.m */ = {isa = PBXFileReference; lastKnownFileType = sourcecode.c.objc; path = BALibrary.m; sourceTree = "<group>"; };
		B9029930198E06C3003B250E /* BALibraryTests.xctest */ = {isa = PBXFileReference; explicitFileType = wrapper.cfbundle; includeInIndex = 0; path = BALibraryTests.xctest; sourceTree = BUILT_PRODUCTS_DIR; };
		B9029931198E06C3003B250E /* XCTest.framework */ = {isa = PBXFileReference; lastKnownFileType = wrapper.framework; name = XCTest.framework; path = Library/Frameworks/XCTest.framework; sourceTree = DEVELOPER_DIR; };
		B9029934198E06C3003B250E /* UIKit.framework */ = {isa = PBXFileReference; lastKnownFileType = wrapper.framework; name = UIKit.framework; path = Library/Frameworks/UIKit.framework; sourceTree = DEVELOPER_DIR; };
		B902993B198E06C3003B250E /* BALibraryTests-Info.plist */ = {isa = PBXFileReference; lastKnownFileType = text.plist.xml; path = "BALibraryTests-Info.plist"; sourceTree = "<group>"; };
		B902993D198E06C3003B250E /* en */ = {isa = PBXFileReference; lastKnownFileType = text.plist.strings; name = en; path = en.lproj/InfoPlist.strings; sourceTree = "<group>"; };
		B902993F198E06C3003B250E /* BALibraryTests.m */ = {isa = PBXFileReference; lastKnownFileType = sourcecode.c.objc; path = BALibraryTests.m; sourceTree = "<group>"; };
		B902994A198E0702003B250E /* BAExtensions.h */ = {isa = PBXFileReference; fileEncoding = 4; lastKnownFileType = sourcecode.c.h; path = BAExtensions.h; sourceTree = "<group>"; };
		B902994B198E0702003B250E /* BAInputAlert.h */ = {isa = PBXFileReference; fileEncoding = 4; lastKnownFileType = sourcecode.c.h; path = BAInputAlert.h; sourceTree = "<group>"; };
		B902994C198E0702003B250E /* BAInputAlert.m */ = {isa = PBXFileReference; fileEncoding = 4; lastKnownFileType = sourcecode.c.objc; path = BAInputAlert.m; sourceTree = "<group>"; };
		B902994D198E0702003B250E /* CLLocation+BAExtension.h */ = {isa = PBXFileReference; fileEncoding = 4; lastKnownFileType = sourcecode.c.h; path = "CLLocation+BAExtension.h"; sourceTree = "<group>"; };
		B902994E198E0702003B250E /* CLLocation+BAExtension.m */ = {isa = PBXFileReference; fileEncoding = 4; lastKnownFileType = sourcecode.c.objc; path = "CLLocation+BAExtension.m"; sourceTree = "<group>"; };
		B902994F198E0702003B250E /* MKMapView+BAExtension.h */ = {isa = PBXFileReference; fileEncoding = 4; lastKnownFileType = sourcecode.c.h; path = "MKMapView+BAExtension.h"; sourceTree = "<group>"; };
		B9029950198E0702003B250E /* MKMapView+BAExtension.m */ = {isa = PBXFileReference; fileEncoding = 4; lastKnownFileType = sourcecode.c.objc; path = "MKMapView+BAExtension.m"; sourceTree = "<group>"; };
		B9029951198E0702003B250E /* NSData+BAExtension.h */ = {isa = PBXFileReference; fileEncoding = 4; lastKnownFileType = sourcecode.c.h; path = "NSData+BAExtension.h"; sourceTree = "<group>"; };
		B9029952198E0702003B250E /* NSData+BAExtension.m */ = {isa = PBXFileReference; fileEncoding = 4; lastKnownFileType = sourcecode.c.objc; path = "NSData+BAExtension.m"; sourceTree = "<group>"; };
		B9029953198E0702003B250E /* NSString+BAExtension.h */ = {isa = PBXFileReference; fileEncoding = 4; lastKnownFileType = sourcecode.c.h; path = "NSString+BAExtension.h"; sourceTree = "<group>"; };
		B9029954198E0702003B250E /* NSString+BAExtension.m */ = {isa = PBXFileReference; fileEncoding = 4; lastKnownFileType = sourcecode.c.objc; path = "NSString+BAExtension.m"; sourceTree = "<group>"; };
		B9029957198E0702003B250E /* UIButton+BAExtension.h */ = {isa = PBXFileReference; fileEncoding = 4; lastKnownFileType = sourcecode.c.h; path = "UIButton+BAExtension.h"; sourceTree = "<group>"; };
		B9029958198E0702003B250E /* UIButton+BAExtension.m */ = {isa = PBXFileReference; fileEncoding = 4; lastKnownFileType = sourcecode.c.objc; path = "UIButton+BAExtension.m"; sourceTree = "<group>"; };
		B9029959198E0702003B250E /* UIImage+BAExtension.h */ = {isa = PBXFileReference; fileEncoding = 4; lastKnownFileType = sourcecode.c.h; path = "UIImage+BAExtension.h"; sourceTree = "<group>"; };
		B902995A198E0702003B250E /* UIImage+BAExtension.m */ = {isa = PBXFileReference; fileEncoding = 4; lastKnownFileType = sourcecode.c.objc; path = "UIImage+BAExtension.m"; sourceTree = "<group>"; };
		B9029967198E0A54003B250E /* Distance+BAConversion.h */ = {isa = PBXFileReference; fileEncoding = 4; lastKnownFileType = sourcecode.c.h; path = "Distance+BAConversion.h"; sourceTree = "<group>"; };
		B9029968198E0A54003B250E /* Distance+BAConversion.m */ = {isa = PBXFileReference; fileEncoding = 4; lastKnownFileType = sourcecode.c.objc; path = "Distance+BAConversion.m"; sourceTree = "<group>"; };
		B902996A198E0A89003B250E /* BAConversions.h */ = {isa = PBXFileReference; fileEncoding = 4; lastKnownFileType = sourcecode.c.h; path = BAConversions.h; sourceTree = "<group>"; };
		B902996C198E0B5B003B250E /* BAMacros.h */ = {isa = PBXFileReference; lastKnownFileType = sourcecode.c.h; name = BAMacros.h; path = Macros/BAMacros.h; sourceTree = "<group>"; };
		B902996D198E0B75003B250E /* BAAlias.h */ = {isa = PBXFileReference; lastKnownFileType = sourcecode.c.h; name = BAAlias.h; path = Macros/BAAlias.h; sourceTree = "<group>"; };
		B902996E198E0BA4003B250E /* BASingleton.h */ = {isa = PBXFileReference; lastKnownFileType = sourcecode.c.h; name = BASingleton.h; path = Macros/BASingleton.h; sourceTree = "<group>"; };
		B902996F198E0C03003B250E /* BANotifications.h */ = {isa = PBXFileReference; lastKnownFileType = sourcecode.c.h; name = BANotifications.h; path = Macros/BANotifications.h; sourceTree = "<group>"; };
		B9029970198E0DC3003B250E /* BADefaults.h */ = {isa = PBXFileReference; lastKnownFileType = sourcecode.c.h; name = BADefaults.h; path = Macros/BADefaults.h; sourceTree = "<group>"; };
		B9661FC719973462000FF5F7 /* BASearchBar.h */ = {isa = PBXFileReference; fileEncoding = 4; lastKnownFileType = sourcecode.c.h; name = BASearchBar.h; path = Controls/BASearchBar.h; sourceTree = "<group>"; };
		B9661FC819973462000FF5F7 /* BASearchBar.m */ = {isa = PBXFileReference; fileEncoding = 4; lastKnownFileType = sourcecode.c.objc; name = BASearchBar.m; path = Controls/BASearchBar.m; sourceTree = "<group>"; };
		B9661FCE199734AA000FF5F7 /* BALibraryiOSTests.app */ = {isa = PBXFileReference; explicitFileType = wrapper.application; includeInIndex = 0; path = BALibraryiOSTests.app; sourceTree = BUILT_PRODUCTS_DIR; };
		B9661FD0199734AA000FF5F7 /* CoreGraphics.framework */ = {isa = PBXFileReference; lastKnownFileType = wrapper.framework; name = CoreGraphics.framework; path = System/Library/Frameworks/CoreGraphics.framework; sourceTree = SDKROOT; };
		B9661FD5199734AA000FF5F7 /* BALibraryiOSTests-Info.plist */ = {isa = PBXFileReference; lastKnownFileType = text.plist.xml; path = "BALibraryiOSTests-Info.plist"; sourceTree = "<group>"; };
		B9661FD7199734AA000FF5F7 /* en */ = {isa = PBXFileReference; lastKnownFileType = text.plist.strings; name = en; path = en.lproj/InfoPlist.strings; sourceTree = "<group>"; };
		B9661FD9199734AA000FF5F7 /* main.m */ = {isa = PBXFileReference; lastKnownFileType = sourcecode.c.objc; path = main.m; sourceTree = "<group>"; };
		B9661FDB199734AA000FF5F7 /* BALibraryiOSTests-Prefix.pch */ = {isa = PBXFileReference; lastKnownFileType = sourcecode.c.h; path = "BALibraryiOSTests-Prefix.pch"; sourceTree = "<group>"; };
		B9661FDC199734AA000FF5F7 /* AppDelegate.h */ = {isa = PBXFileReference; lastKnownFileType = sourcecode.c.h; path = AppDelegate.h; sourceTree = "<group>"; };
		B9661FDD199734AA000FF5F7 /* AppDelegate.m */ = {isa = PBXFileReference; lastKnownFileType = sourcecode.c.objc; path = AppDelegate.m; sourceTree = "<group>"; };
		B9661FE0199734AA000FF5F7 /* Base */ = {isa = PBXFileReference; lastKnownFileType = file.storyboard; name = Base; path = Base.lproj/Main.storyboard; sourceTree = "<group>"; };
		B9661FE2199734AA000FF5F7 /* ViewController.h */ = {isa = PBXFileReference; lastKnownFileType = sourcecode.c.h; path = ViewController.h; sourceTree = "<group>"; };
		B9661FE3199734AA000FF5F7 /* ViewController.m */ = {isa = PBXFileReference; lastKnownFileType = sourcecode.c.objc; path = ViewController.m; sourceTree = "<group>"; };
		B9661FE5199734AA000FF5F7 /* Images.xcassets */ = {isa = PBXFileReference; lastKnownFileType = folder.assetcatalog; path = Images.xcassets; sourceTree = "<group>"; };
		B9662000199739F3000FF5F7 /* UISearchBar+BAExtension.h */ = {isa = PBXFileReference; fileEncoding = 4; lastKnownFileType = sourcecode.c.h; path = "UISearchBar+BAExtension.h"; sourceTree = "<group>"; };
		B9662001199739F3000FF5F7 /* UISearchBar+BAExtension.m */ = {isa = PBXFileReference; fileEncoding = 4; lastKnownFileType = sourcecode.c.objc; path = "UISearchBar+BAExtension.m"; sourceTree = "<group>"; };
		B966200E19974495000FF5F7 /* UIView+BAExtension.h */ = {isa = PBXFileReference; fileEncoding = 4; lastKnownFileType = sourcecode.c.h; path = "UIView+BAExtension.h"; sourceTree = "<group>"; };
		B966200F19974495000FF5F7 /* UIView+BAExtension.m */ = {isa = PBXFileReference; fileEncoding = 4; lastKnownFileType = sourcecode.c.objc; path = "UIView+BAExtension.m"; sourceTree = "<group>"; };
		B9773F161998A57900B4D8C7 /* MKMapItem+BAExtension.h */ = {isa = PBXFileReference; fileEncoding = 4; lastKnownFileType = sourcecode.c.h; path = "MKMapItem+BAExtension.h"; sourceTree = "<group>"; };
		B9773F171998A57900B4D8C7 /* MKMapItem+BAExtension.m */ = {isa = PBXFileReference; fileEncoding = 4; lastKnownFileType = sourcecode.c.objc; path = "MKMapItem+BAExtension.m"; sourceTree = "<group>"; };
		B978BFE919A93D7C00B1E363 /* UIAlertView+BAExtension.h */ = {isa = PBXFileReference; fileEncoding = 4; lastKnownFileType = sourcecode.c.h; path = "UIAlertView+BAExtension.h"; sourceTree = "<group>"; };
		B978BFEA19A93D7C00B1E363 /* UIAlertView+BAExtension.m */ = {isa = PBXFileReference; fileEncoding = 4; lastKnownFileType = sourcecode.c.objc; path = "UIAlertView+BAExtension.m"; sourceTree = "<group>"; };
		B9C30574199FCC6600DAE37C /* BALocationManager.h */ = {isa = PBXFileReference; fileEncoding = 4; lastKnownFileType = sourcecode.c.h; path = BALocationManager.h; sourceTree = "<group>"; };
		B9C30575199FCC6600DAE37C /* BALocationManager.m */ = {isa = PBXFileReference; fileEncoding = 4; lastKnownFileType = sourcecode.c.objc; path = BALocationManager.m; sourceTree = "<group>"; };
		B9C30578199FCC9200DAE37C /* BAUtilities.h */ = {isa = PBXFileReference; lastKnownFileType = sourcecode.c.h; path = BAUtilities.h; sourceTree = "<group>"; };
		B9C3058E199FE77600DAE37C /* BADropdown.h */ = {isa = PBXFileReference; fileEncoding = 4; lastKnownFileType = sourcecode.c.h; name = BADropdown.h; path = Controls/BADropdown.h; sourceTree = "<group>"; };
		B9C3058F199FE77600DAE37C /* BADropdown.m */ = {isa = PBXFileReference; fileEncoding = 4; lastKnownFileType = sourcecode.c.objc; name = BADropdown.m; path = Controls/BADropdown.m; sourceTree = "<group>"; };
		B9D12C8C19908D6E00576BAF /* NSOperationQueue+BAExtension.h */ = {isa = PBXFileReference; fileEncoding = 4; lastKnownFileType = sourcecode.c.h; path = "NSOperationQueue+BAExtension.h"; sourceTree = "<group>"; };
		B9D12C8D19908D6E00576BAF /* NSOperationQueue+BAExtension.m */ = {isa = PBXFileReference; fileEncoding = 4; lastKnownFileType = sourcecode.c.objc; path = "NSOperationQueue+BAExtension.m"; sourceTree = "<group>"; };
		B9D52B641998478F00DADCA9 /* BALibrary.podspec */ = {isa = PBXFileReference; lastKnownFileType = text; path = BALibrary.podspec; sourceTree = "<group>"; };
		B9D52B651998482A00DADCA9 /* BAViews.h */ = {isa = PBXFileReference; lastKnownFileType = sourcecode.c.h; path = BAViews.h; sourceTree = "<group>"; };
		B9D52B661998484200DADCA9 /* BAControls.h */ = {isa = PBXFileReference; lastKnownFileType = sourcecode.c.h; name = BAControls.h; path = Controls/BAControls.h; sourceTree = "<group>"; };
/* End PBXFileReference section */

/* Begin PBXFrameworksBuildPhase section */
		B902991D198E06C3003B250E /* Frameworks */ = {
			isa = PBXFrameworksBuildPhase;
			buildActionMask = 2147483647;
			files = (
				B9029924198E06C3003B250E /* Foundation.framework in Frameworks */,
			);
			runOnlyForDeploymentPostprocessing = 0;
		};
		B902992D198E06C3003B250E /* Frameworks */ = {
			isa = PBXFrameworksBuildPhase;
			buildActionMask = 2147483647;
			files = (
				B9029938198E06C3003B250E /* libBALibrary.a in Frameworks */,
				B9029932198E06C3003B250E /* XCTest.framework in Frameworks */,
				B9029935198E06C3003B250E /* UIKit.framework in Frameworks */,
				B9029933198E06C3003B250E /* Foundation.framework in Frameworks */,
			);
			runOnlyForDeploymentPostprocessing = 0;
		};
		B9661FCB199734AA000FF5F7 /* Frameworks */ = {
			isa = PBXFrameworksBuildPhase;
			buildActionMask = 2147483647;
			files = (
				B9661FD1199734AA000FF5F7 /* CoreGraphics.framework in Frameworks */,
				B9661FD2199734AA000FF5F7 /* UIKit.framework in Frameworks */,
				B9661FCF199734AA000FF5F7 /* Foundation.framework in Frameworks */,
			);
			runOnlyForDeploymentPostprocessing = 0;
		};
/* End PBXFrameworksBuildPhase section */

/* Begin PBXGroup section */
		B9029917198E06C3003B250E = {
			isa = PBXGroup;
			children = (
				B9D52B641998478F00DADCA9 /* BALibrary.podspec */,
				B9029925198E06C3003B250E /* BALibrary */,
				B9029939198E06C3003B250E /* BALibraryTests */,
				B9661FD3199734AA000FF5F7 /* BALibraryiOSTests */,
				B9029922198E06C3003B250E /* Frameworks */,
				B9029921198E06C3003B250E /* Products */,
			);
			sourceTree = "<group>";
		};
		B9029921198E06C3003B250E /* Products */ = {
			isa = PBXGroup;
			children = (
				B9029920198E06C3003B250E /* libBALibrary.a */,
				B9029930198E06C3003B250E /* BALibraryTests.xctest */,
				B9661FCE199734AA000FF5F7 /* BALibraryiOSTests.app */,
			);
			name = Products;
			sourceTree = "<group>";
		};
		B9029922198E06C3003B250E /* Frameworks */ = {
			isa = PBXGroup;
			children = (
				B9029923198E06C3003B250E /* Foundation.framework */,
				B9029931198E06C3003B250E /* XCTest.framework */,
				B9029934198E06C3003B250E /* UIKit.framework */,
				B9661FD0199734AA000FF5F7 /* CoreGraphics.framework */,
			);
			name = Frameworks;
			sourceTree = "<group>";
		};
		B9029925198E06C3003B250E /* BALibrary */ = {
			isa = PBXGroup;
			children = (
				B9029928198E06C3003B250E /* BALibrary.h */,
				B902992A198E06C3003B250E /* BALibrary.m */,
				B9D12C8F19909C8900576BAF /* Views */,
				B9C30573199FCC6600DAE37C /* Utilities */,
				B9029966198E0A54003B250E /* Conversions */,
				B9029949198E0702003B250E /* Extensions */,
				B902996B198E0B2C003B250E /* Macros */,
				B9029926198E06C3003B250E /* Supporting Files */,
			);
			path = BALibrary;
			sourceTree = "<group>";
		};
		B9029926198E06C3003B250E /* Supporting Files */ = {
			isa = PBXGroup;
			children = (
				B9029927198E06C3003B250E /* BALibrary-Prefix.pch */,
			);
			name = "Supporting Files";
			sourceTree = "<group>";
		};
		B9029939198E06C3003B250E /* BALibraryTests */ = {
			isa = PBXGroup;
			children = (
				B902993F198E06C3003B250E /* BALibraryTests.m */,
				B902993A198E06C3003B250E /* Supporting Files */,
			);
			path = BALibraryTests;
			sourceTree = "<group>";
		};
		B902993A198E06C3003B250E /* Supporting Files */ = {
			isa = PBXGroup;
			children = (
				B902993B198E06C3003B250E /* BALibraryTests-Info.plist */,
				B902993C198E06C3003B250E /* InfoPlist.strings */,
			);
			name = "Supporting Files";
			sourceTree = "<group>";
		};
		B9029949198E0702003B250E /* Extensions */ = {
			isa = PBXGroup;
			children = (
				B902994A198E0702003B250E /* BAExtensions.h */,
				B9D12C8C19908D6E00576BAF /* NSOperationQueue+BAExtension.h */,
				B9D12C8D19908D6E00576BAF /* NSOperationQueue+BAExtension.m */,
				B902994B198E0702003B250E /* BAInputAlert.h */,
				B902994C198E0702003B250E /* BAInputAlert.m */,
				B902994D198E0702003B250E /* CLLocation+BAExtension.h */,
				B902994E198E0702003B250E /* CLLocation+BAExtension.m */,
				B902994F198E0702003B250E /* MKMapView+BAExtension.h */,
				B9029950198E0702003B250E /* MKMapView+BAExtension.m */,
				B9029951198E0702003B250E /* NSData+BAExtension.h */,
				B9029952198E0702003B250E /* NSData+BAExtension.m */,
				B9029953198E0702003B250E /* NSString+BAExtension.h */,
				B9029954198E0702003B250E /* NSString+BAExtension.m */,
				B9029957198E0702003B250E /* UIButton+BAExtension.h */,
				B9029958198E0702003B250E /* UIButton+BAExtension.m */,
				B9029959198E0702003B250E /* UIImage+BAExtension.h */,
				B902995A198E0702003B250E /* UIImage+BAExtension.m */,
				B9662000199739F3000FF5F7 /* UISearchBar+BAExtension.h */,
				B9662001199739F3000FF5F7 /* UISearchBar+BAExtension.m */,
				B966200E19974495000FF5F7 /* UIView+BAExtension.h */,
				B966200F19974495000FF5F7 /* UIView+BAExtension.m */,
				B9773F161998A57900B4D8C7 /* MKMapItem+BAExtension.h */,
				B9773F171998A57900B4D8C7 /* MKMapItem+BAExtension.m */,
				B978BFE919A93D7C00B1E363 /* UIAlertView+BAExtension.h */,
				B978BFEA19A93D7C00B1E363 /* UIAlertView+BAExtension.m */,
			);
			path = Extensions;
			sourceTree = "<group>";
		};
		B9029966198E0A54003B250E /* Conversions */ = {
			isa = PBXGroup;
			children = (
				B902996A198E0A89003B250E /* BAConversions.h */,
				B9029967198E0A54003B250E /* Distance+BAConversion.h */,
				B9029968198E0A54003B250E /* Distance+BAConversion.m */,
			);
			path = Conversions;
			sourceTree = "<group>";
		};
		B902996B198E0B2C003B250E /* Macros */ = {
			isa = PBXGroup;
			children = (
				B902996C198E0B5B003B250E /* BAMacros.h */,
				B902996D198E0B75003B250E /* BAAlias.h */,
				B902996E198E0BA4003B250E /* BASingleton.h */,
				B902996F198E0C03003B250E /* BANotifications.h */,
				B9029970198E0DC3003B250E /* BADefaults.h */,
			);
			name = Macros;
			sourceTree = "<group>";
		};
		B9661FC6199733FF000FF5F7 /* Controls */ = {
			isa = PBXGroup;
			children = (
				B9D52B661998484200DADCA9 /* BAControls.h */,
				B9661FC719973462000FF5F7 /* BASearchBar.h */,
				B9661FC819973462000FF5F7 /* BASearchBar.m */,
				B9C3058E199FE77600DAE37C /* BADropdown.h */,
				B9C3058F199FE77600DAE37C /* BADropdown.m */,
			);
			name = Controls;
			sourceTree = "<group>";
		};
		B9661FD3199734AA000FF5F7 /* BALibraryiOSTests */ = {
			isa = PBXGroup;
			children = (
				B9661FDC199734AA000FF5F7 /* AppDelegate.h */,
				B9661FDD199734AA000FF5F7 /* AppDelegate.m */,
				B9661FDF199734AA000FF5F7 /* Main.storyboard */,
				B9661FE2199734AA000FF5F7 /* ViewController.h */,
				B9661FE3199734AA000FF5F7 /* ViewController.m */,
				B9661FE5199734AA000FF5F7 /* Images.xcassets */,
				B9661FD4199734AA000FF5F7 /* Supporting Files */,
			);
			path = BALibraryiOSTests;
			sourceTree = "<group>";
		};
		B9661FD4199734AA000FF5F7 /* Supporting Files */ = {
			isa = PBXGroup;
			children = (
				B9661FD5199734AA000FF5F7 /* BALibraryiOSTests-Info.plist */,
				B9661FD6199734AA000FF5F7 /* InfoPlist.strings */,
				B9661FD9199734AA000FF5F7 /* main.m */,
				B9661FDB199734AA000FF5F7 /* BALibraryiOSTests-Prefix.pch */,
			);
			name = "Supporting Files";
			sourceTree = "<group>";
		};
		B9C30573199FCC6600DAE37C /* Utilities */ = {
			isa = PBXGroup;
			children = (
				B9C30578199FCC9200DAE37C /* BAUtilities.h */,
				B9C30574199FCC6600DAE37C /* BALocationManager.h */,
				B9C30575199FCC6600DAE37C /* BALocationManager.m */,
			);
			path = Utilities;
			sourceTree = "<group>";
		};
		B9D12C8F19909C8900576BAF /* Views */ = {
			isa = PBXGroup;
			children = (
				B9D52B651998482A00DADCA9 /* BAViews.h */,
				B9661FC6199733FF000FF5F7 /* Controls */,
			);
			path = Views;
			sourceTree = "<group>";
		};
/* End PBXGroup section */

/* Begin PBXNativeTarget section */
		B902991F198E06C3003B250E /* BALibrary */ = {
			isa = PBXNativeTarget;
			buildConfigurationList = B9029943198E06C3003B250E /* Build configuration list for PBXNativeTarget "BALibrary" */;
			buildPhases = (
				B902991C198E06C3003B250E /* Sources */,
				B902991D198E06C3003B250E /* Frameworks */,
				B902991E198E06C3003B250E /* CopyFiles */,
			);
			buildRules = (
			);
			dependencies = (
			);
			name = BALibrary;
			productName = BALibrary;
			productReference = B9029920198E06C3003B250E /* libBALibrary.a */;
			productType = "com.apple.product-type.library.static";
		};
		B902992F198E06C3003B250E /* BALibraryTests */ = {
			isa = PBXNativeTarget;
			buildConfigurationList = B9029946198E06C3003B250E /* Build configuration list for PBXNativeTarget "BALibraryTests" */;
			buildPhases = (
				B902992C198E06C3003B250E /* Sources */,
				B902992D198E06C3003B250E /* Frameworks */,
				B902992E198E06C3003B250E /* Resources */,
			);
			buildRules = (
			);
			dependencies = (
				B9029937198E06C3003B250E /* PBXTargetDependency */,
			);
			name = BALibraryTests;
			productName = BALibraryTests;
			productReference = B9029930198E06C3003B250E /* BALibraryTests.xctest */;
			productType = "com.apple.product-type.bundle.unit-test";
		};
		B9661FCD199734AA000FF5F7 /* BALibraryiOSTests */ = {
			isa = PBXNativeTarget;
			buildConfigurationList = B9661FF9199734AB000FF5F7 /* Build configuration list for PBXNativeTarget "BALibraryiOSTests" */;
			buildPhases = (
				B9661FCA199734AA000FF5F7 /* Sources */,
				B9661FCB199734AA000FF5F7 /* Frameworks */,
				B9661FCC199734AA000FF5F7 /* Resources */,
			);
			buildRules = (
			);
			dependencies = (
			);
			name = BALibraryiOSTests;
			productName = BALibraryiOSTests;
			productReference = B9661FCE199734AA000FF5F7 /* BALibraryiOSTests.app */;
			productType = "com.apple.product-type.application";
		};
/* End PBXNativeTarget section */

/* Begin PBXProject section */
		B9029918198E06C3003B250E /* Project object */ = {
			isa = PBXProject;
			attributes = {
				LastUpgradeCheck = 0510;
				ORGANIZATIONNAME = ByteApps;
				TargetAttributes = {
					B902992F198E06C3003B250E = {
						TestTargetID = B9661FCD199734AA000FF5F7;
					};
				};
			};
			buildConfigurationList = B902991B198E06C3003B250E /* Build configuration list for PBXProject "BALibrary" */;
			compatibilityVersion = "Xcode 3.2";
			developmentRegion = English;
			hasScannedForEncodings = 0;
			knownRegions = (
				en,
				Base,
			);
			mainGroup = B9029917198E06C3003B250E;
			productRefGroup = B9029921198E06C3003B250E /* Products */;
			projectDirPath = "";
			projectRoot = "";
			targets = (
				B902991F198E06C3003B250E /* BALibrary */,
				B902992F198E06C3003B250E /* BALibraryTests */,
				B9661FCD199734AA000FF5F7 /* BALibraryiOSTests */,
			);
		};
/* End PBXProject section */

/* Begin PBXResourcesBuildPhase section */
		B902992E198E06C3003B250E /* Resources */ = {
			isa = PBXResourcesBuildPhase;
			buildActionMask = 2147483647;
			files = (
				B902993E198E06C3003B250E /* InfoPlist.strings in Resources */,
			);
			runOnlyForDeploymentPostprocessing = 0;
		};
		B9661FCC199734AA000FF5F7 /* Resources */ = {
			isa = PBXResourcesBuildPhase;
			buildActionMask = 2147483647;
			files = (
				B9661FE6199734AA000FF5F7 /* Images.xcassets in Resources */,
				B9661FD8199734AA000FF5F7 /* InfoPlist.strings in Resources */,
				B9661FE1199734AA000FF5F7 /* Main.storyboard in Resources */,
			);
			runOnlyForDeploymentPostprocessing = 0;
		};
/* End PBXResourcesBuildPhase section */

/* Begin PBXSourcesBuildPhase section */
		B902991C198E06C3003B250E /* Sources */ = {
			isa = PBXSourcesBuildPhase;
			buildActionMask = 2147483647;
			files = (
				B902995B198E0702003B250E /* BAInputAlert.m in Sources */,
				B9D12C8E19908D6E00576BAF /* NSOperationQueue+BAExtension.m in Sources */,
				B966201019974495000FF5F7 /* UIView+BAExtension.m in Sources */,
				B9029961198E0702003B250E /* UIButton+BAExtension.m in Sources */,
				B902995F198E0702003B250E /* NSString+BAExtension.m in Sources */,
				B9029969198E0A54003B250E /* Distance+BAConversion.m in Sources */,
				B9C30576199FCC6600DAE37C /* BALocationManager.m in Sources */,
				B9C30590199FE77600DAE37C /* BADropdown.m in Sources */,
				B9661FC919973462000FF5F7 /* BASearchBar.m in Sources */,
				B902995D198E0702003B250E /* MKMapView+BAExtension.m in Sources */,
				B9773F181998A57900B4D8C7 /* MKMapItem+BAExtension.m in Sources */,
				B9662002199739F3000FF5F7 /* UISearchBar+BAExtension.m in Sources */,
				B978BFEB19A93D7C00B1E363 /* UIAlertView+BAExtension.m in Sources */,
				B902992B198E06C3003B250E /* BALibrary.m in Sources */,
				B9029962198E0702003B250E /* UIImage+BAExtension.m in Sources */,
				B902995C198E0702003B250E /* CLLocation+BAExtension.m in Sources */,
				B902995E198E0702003B250E /* NSData+BAExtension.m in Sources */,
			);
			runOnlyForDeploymentPostprocessing = 0;
		};
		B902992C198E06C3003B250E /* Sources */ = {
			isa = PBXSourcesBuildPhase;
			buildActionMask = 2147483647;
			files = (
				B9029940198E06C3003B250E /* BALibraryTests.m in Sources */,
			);
			runOnlyForDeploymentPostprocessing = 0;
		};
		B9661FCA199734AA000FF5F7 /* Sources */ = {
			isa = PBXSourcesBuildPhase;
			buildActionMask = 2147483647;
			files = (
				B966200519973A5D000FF5F7 /* CLLocation+BAExtension.m in Sources */,
				B966200B19973A5D000FF5F7 /* UISearchBar+BAExtension.m in Sources */,
				B966200719973A5D000FF5F7 /* NSData+BAExtension.m in Sources */,
				B9661FE4199734AA000FF5F7 /* ViewController.m in Sources */,
				B966200319973A5D000FF5F7 /* NSOperationQueue+BAExtension.m in Sources */,
				B966200A19973A5D000FF5F7 /* UIImage+BAExtension.m in Sources */,
				B966200919973A5D000FF5F7 /* UIButton+BAExtension.m in Sources */,
				B966200C19973A65000FF5F7 /* Distance+BAConversion.m in Sources */,
				B966200819973A5D000FF5F7 /* NSString+BAExtension.m in Sources */,
				B9661FDE199734AA000FF5F7 /* AppDelegate.m in Sources */,
				B9661FFF1997350D000FF5F7 /* BASearchBar.m in Sources */,
				B966200D19973A68000FF5F7 /* BALibrary.m in Sources */,
				B978BFEC19A93D7C00B1E363 /* UIAlertView+BAExtension.m in Sources */,
				B9C30577199FCC6600DAE37C /* BALocationManager.m in Sources */,
				B9C30591199FE77600DAE37C /* BADropdown.m in Sources */,
				B966200419973A5D000FF5F7 /* BAInputAlert.m in Sources */,
				B966200619973A5D000FF5F7 /* MKMapView+BAExtension.m in Sources */,
				B966201119974495000FF5F7 /* UIView+BAExtension.m in Sources */,
				B9661FDA199734AA000FF5F7 /* main.m in Sources */,
				B9773F191998A57900B4D8C7 /* MKMapItem+BAExtension.m in Sources */,
			);
			runOnlyForDeploymentPostprocessing = 0;
		};
/* End PBXSourcesBuildPhase section */

/* Begin PBXTargetDependency section */
		B9029937198E06C3003B250E /* PBXTargetDependency */ = {
			isa = PBXTargetDependency;
			target = B902991F198E06C3003B250E /* BALibrary */;
			targetProxy = B9029936198E06C3003B250E /* PBXContainerItemProxy */;
		};
/* End PBXTargetDependency section */

/* Begin PBXVariantGroup section */
		B902993C198E06C3003B250E /* InfoPlist.strings */ = {
			isa = PBXVariantGroup;
			children = (
				B902993D198E06C3003B250E /* en */,
			);
			name = InfoPlist.strings;
			sourceTree = "<group>";
		};
		B9661FD6199734AA000FF5F7 /* InfoPlist.strings */ = {
			isa = PBXVariantGroup;
			children = (
				B9661FD7199734AA000FF5F7 /* en */,
			);
			name = InfoPlist.strings;
			sourceTree = "<group>";
		};
		B9661FDF199734AA000FF5F7 /* Main.storyboard */ = {
			isa = PBXVariantGroup;
			children = (
				B9661FE0199734AA000FF5F7 /* Base */,
			);
			name = Main.storyboard;
			sourceTree = "<group>";
		};
/* End PBXVariantGroup section */

/* Begin XCBuildConfiguration section */
		B9029941198E06C3003B250E /* Debug */ = {
			isa = XCBuildConfiguration;
			buildSettings = {
				ALWAYS_SEARCH_USER_PATHS = NO;
				CLANG_CXX_LANGUAGE_STANDARD = "gnu++0x";
				CLANG_CXX_LIBRARY = "libc++";
				CLANG_ENABLE_MODULES = YES;
				CLANG_ENABLE_OBJC_ARC = NO;
				CLANG_WARN_BOOL_CONVERSION = YES;
				CLANG_WARN_CONSTANT_CONVERSION = YES;
				CLANG_WARN_DIRECT_OBJC_ISA_USAGE = YES_ERROR;
				CLANG_WARN_EMPTY_BODY = YES;
				CLANG_WARN_ENUM_CONVERSION = YES;
				CLANG_WARN_INT_CONVERSION = YES;
				CLANG_WARN_OBJC_ROOT_CLASS = YES_ERROR;
				CLANG_WARN__DUPLICATE_METHOD_MATCH = YES;
				COPY_PHASE_STRIP = NO;
				GCC_C_LANGUAGE_STANDARD = gnu99;
				GCC_DYNAMIC_NO_PIC = NO;
				GCC_OPTIMIZATION_LEVEL = 0;
				GCC_PREPROCESSOR_DEFINITIONS = (
					"DEBUG=1",
					"$(inherited)",
				);
				GCC_SYMBOLS_PRIVATE_EXTERN = NO;
				GCC_WARN_64_TO_32_BIT_CONVERSION = YES;
				GCC_WARN_ABOUT_RETURN_TYPE = YES_ERROR;
				GCC_WARN_UNDECLARED_SELECTOR = YES;
				GCC_WARN_UNINITIALIZED_AUTOS = YES_AGGRESSIVE;
				GCC_WARN_UNUSED_FUNCTION = YES;
				GCC_WARN_UNUSED_VARIABLE = YES;
				IPHONEOS_DEPLOYMENT_TARGET = 7.0;
				ONLY_ACTIVE_ARCH = YES;
				SDKROOT = iphoneos;
				SKIP_INSTALL = YES;
			};
			name = Debug;
		};
		B9029942198E06C3003B250E /* Release */ = {
			isa = XCBuildConfiguration;
			buildSettings = {
				ALWAYS_SEARCH_USER_PATHS = NO;
				CLANG_CXX_LANGUAGE_STANDARD = "gnu++0x";
				CLANG_CXX_LIBRARY = "libc++";
				CLANG_ENABLE_MODULES = YES;
				CLANG_ENABLE_OBJC_ARC = NO;
				CLANG_WARN_BOOL_CONVERSION = YES;
				CLANG_WARN_CONSTANT_CONVERSION = YES;
				CLANG_WARN_DIRECT_OBJC_ISA_USAGE = YES_ERROR;
				CLANG_WARN_EMPTY_BODY = YES;
				CLANG_WARN_ENUM_CONVERSION = YES;
				CLANG_WARN_INT_CONVERSION = YES;
				CLANG_WARN_OBJC_ROOT_CLASS = YES_ERROR;
				CLANG_WARN__DUPLICATE_METHOD_MATCH = YES;
				COPY_PHASE_STRIP = YES;
				ENABLE_NS_ASSERTIONS = NO;
				GCC_C_LANGUAGE_STANDARD = gnu99;
				GCC_WARN_64_TO_32_BIT_CONVERSION = YES;
				GCC_WARN_ABOUT_RETURN_TYPE = YES_ERROR;
				GCC_WARN_UNDECLARED_SELECTOR = YES;
				GCC_WARN_UNINITIALIZED_AUTOS = YES_AGGRESSIVE;
				GCC_WARN_UNUSED_FUNCTION = YES;
				GCC_WARN_UNUSED_VARIABLE = YES;
				IPHONEOS_DEPLOYMENT_TARGET = 7.0;
				SDKROOT = iphoneos;
				SKIP_INSTALL = YES;
				VALIDATE_PRODUCT = YES;
			};
			name = Release;
		};
		B9029944198E06C3003B250E /* Debug */ = {
			isa = XCBuildConfiguration;
			buildSettings = {
				DSTROOT = /tmp/BALibrary.dst;
				GCC_PRECOMPILE_PREFIX_HEADER = YES;
				GCC_PREFIX_HEADER = "BALibrary/BALibrary-Prefix.pch";
				OTHER_LDFLAGS = "-ObjC";
				PRODUCT_NAME = "$(TARGET_NAME)";
				SKIP_INSTALL = YES;
			};
			name = Debug;
		};
		B9029945198E06C3003B250E /* Release */ = {
			isa = XCBuildConfiguration;
			buildSettings = {
				DSTROOT = /tmp/BALibrary.dst;
				GCC_PRECOMPILE_PREFIX_HEADER = YES;
				GCC_PREFIX_HEADER = "BALibrary/BALibrary-Prefix.pch";
				OTHER_LDFLAGS = "-ObjC";
				PRODUCT_NAME = "$(TARGET_NAME)";
				SKIP_INSTALL = YES;
			};
			name = Release;
		};
		B9029947198E06C3003B250E /* Debug */ = {
			isa = XCBuildConfiguration;
			buildSettings = {
				BUNDLE_LOADER = "$(BUILT_PRODUCTS_DIR)/BALibraryiOSTests.app/BALibraryiOSTests";
				FRAMEWORK_SEARCH_PATHS = (
					"$(SDKROOT)/Developer/Library/Frameworks",
					"$(inherited)",
					"$(DEVELOPER_FRAMEWORKS_DIR)",
				);
				GCC_PRECOMPILE_PREFIX_HEADER = YES;
				GCC_PREFIX_HEADER = "BALibrary/BALibrary-Prefix.pch";
				GCC_PREPROCESSOR_DEFINITIONS = (
					"DEBUG=1",
					"$(inherited)",
				);
				INFOPLIST_FILE = "BALibraryTests/BALibraryTests-Info.plist";
				PRODUCT_NAME = "$(TARGET_NAME)";
				TEST_HOST = "$(BUNDLE_LOADER)";
				WRAPPER_EXTENSION = xctest;
			};
			name = Debug;
		};
		B9029948198E06C3003B250E /* Release */ = {
			isa = XCBuildConfiguration;
			buildSettings = {
				BUNDLE_LOADER = "$(BUILT_PRODUCTS_DIR)/BALibraryiOSTests.app/BALibraryiOSTests";
				FRAMEWORK_SEARCH_PATHS = (
					"$(SDKROOT)/Developer/Library/Frameworks",
					"$(inherited)",
					"$(DEVELOPER_FRAMEWORKS_DIR)",
				);
				GCC_PRECOMPILE_PREFIX_HEADER = YES;
				GCC_PREFIX_HEADER = "BALibrary/BALibrary-Prefix.pch";
				INFOPLIST_FILE = "BALibraryTests/BALibraryTests-Info.plist";
				PRODUCT_NAME = "$(TARGET_NAME)";
				TEST_HOST = "$(BUNDLE_LOADER)";
				WRAPPER_EXTENSION = xctest;
			};
			name = Release;
		};
		B9661FFA199734AB000FF5F7 /* Debug */ = {
			isa = XCBuildConfiguration;
			buildSettings = {
				ASSETCATALOG_COMPILER_APPICON_NAME = AppIcon;
				ASSETCATALOG_COMPILER_LAUNCHIMAGE_NAME = LaunchImage;
				CLANG_ENABLE_OBJC_ARC = NO;
				"CODE_SIGN_IDENTITY[sdk=iphoneos*]" = "iPhone Developer";
				FRAMEWORK_SEARCH_PATHS = (
					"$(inherited)",
					"$(DEVELOPER_FRAMEWORKS_DIR)",
				);
				GCC_PRECOMPILE_PREFIX_HEADER = YES;
				GCC_PREFIX_HEADER = "BALibraryiOSTests/BALibraryiOSTests-Prefix.pch";
				GCC_PREPROCESSOR_DEFINITIONS = (
					"DEBUG=1",
					"$(inherited)",
				);
				INFOPLIST_FILE = "BALibraryiOSTests/BALibraryiOSTests-Info.plist";
				IPHONEOS_DEPLOYMENT_TARGET = 7.1;
				PRODUCT_NAME = "$(TARGET_NAME)";
				WRAPPER_EXTENSION = app;
			};
			name = Debug;
		};
		B9661FFB199734AB000FF5F7 /* Release */ = {
			isa = XCBuildConfiguration;
			buildSettings = {
				ASSETCATALOG_COMPILER_APPICON_NAME = AppIcon;
				ASSETCATALOG_COMPILER_LAUNCHIMAGE_NAME = LaunchImage;
				CLANG_ENABLE_OBJC_ARC = NO;
				"CODE_SIGN_IDENTITY[sdk=iphoneos*]" = "iPhone Developer";
				FRAMEWORK_SEARCH_PATHS = (
					"$(inherited)",
					"$(DEVELOPER_FRAMEWORKS_DIR)",
				);
				GCC_PRECOMPILE_PREFIX_HEADER = YES;
				GCC_PREFIX_HEADER = "BALibraryiOSTests/BALibraryiOSTests-Prefix.pch";
				INFOPLIST_FILE = "BALibraryiOSTests/BALibraryiOSTests-Info.plist";
				IPHONEOS_DEPLOYMENT_TARGET = 7.1;
				PRODUCT_NAME = "$(TARGET_NAME)";
				WRAPPER_EXTENSION = app;
			};
			name = Release;
		};
/* End XCBuildConfiguration section */

/* Begin XCConfigurationList section */
		B902991B198E06C3003B250E /* Build configuration list for PBXProject "BALibrary" */ = {
			isa = XCConfigurationList;
			buildConfigurations = (
				B9029941198E06C3003B250E /* Debug */,
				B9029942198E06C3003B250E /* Release */,
			);
			defaultConfigurationIsVisible = 0;
			defaultConfigurationName = Release;
		};
		B9029943198E06C3003B250E /* Build configuration list for PBXNativeTarget "BALibrary" */ = {
			isa = XCConfigurationList;
			buildConfigurations = (
				B9029944198E06C3003B250E /* Debug */,
				B9029945198E06C3003B250E /* Release */,
			);
			defaultConfigurationIsVisible = 0;
			defaultConfigurationName = Release;
		};
		B9029946198E06C3003B250E /* Build configuration list for PBXNativeTarget "BALibraryTests" */ = {
			isa = XCConfigurationList;
			buildConfigurations = (
				B9029947198E06C3003B250E /* Debug */,
				B9029948198E06C3003B250E /* Release */,
			);
			defaultConfigurationIsVisible = 0;
			defaultConfigurationName = Release;
		};
		B9661FF9199734AB000FF5F7 /* Build configuration list for PBXNativeTarget "BALibraryiOSTests" */ = {
			isa = XCConfigurationList;
			buildConfigurations = (
				B9661FFA199734AB000FF5F7 /* Debug */,
				B9661FFB199734AB000FF5F7 /* Release */,
			);
			defaultConfigurationIsVisible = 0;
			defaultConfigurationName = Release;
		};
/* End XCConfigurationList section */
	};
	rootObject = B9029918198E06C3003B250E /* Project object */;
}
